# THIS IS AN AUTOGENERATED FILE. DO NOT EDIT THIS FILE DIRECTLY.
# yarn lockfile v1


"@types/micro@*", "@types/micro@^7.3.1":
  version "7.3.1"
  resolved "https://registry.yarnpkg.com/@types/micro/-/micro-7.3.1.tgz#d40a47b7ee680f7183f3052d36fa2ed7a118e2f9"

"@types/microrouter@^2.2.2":
  version "2.2.2"
  resolved "https://registry.yarnpkg.com/@types/microrouter/-/microrouter-2.2.2.tgz#edbe202651eba99ead8b1e24ca0573c136b2280a"
  dependencies:
    "@types/micro" "*"
    "@types/node" "*"

"@types/node@*":
  version "9.6.1"
  resolved "https://registry.yarnpkg.com/@types/node/-/node-9.6.1.tgz#e2d374ef15b315b48e7efc308fa1a7cd51faa06c"

apollo-cache-control@^0.1.0:
  version "0.1.0"
  resolved "https://registry.yarnpkg.com/apollo-cache-control/-/apollo-cache-control-0.1.0.tgz#0c7c9abc312dea3a60e1cb70e0869df2cd970688"
  dependencies:
    graphql-extensions "^0.0.x"

apollo-server-core@^1.3.4:
  version "1.3.4"
  resolved "https://registry.yarnpkg.com/apollo-server-core/-/apollo-server-core-1.3.4.tgz#06715290b32375236d90701acb42f415ab78497f"
  dependencies:
    apollo-cache-control "^0.1.0"
    apollo-tracing "^0.1.0"
    graphql-extensions "^0.0.x"

apollo-server-micro@^1.3.4:
  version "1.3.4"
  resolved "https://registry.yarnpkg.com/apollo-server-micro/-/apollo-server-micro-1.3.4.tgz#d4a0dff1be07507a900c7a3595ab41cac64777e7"
  dependencies:
    apollo-server-core "^1.3.4"
    apollo-server-module-graphiql "^1.3.4"

apollo-server-module-graphiql@^1.3.4:
  version "1.3.4"
  resolved "https://registry.yarnpkg.com/apollo-server-module-graphiql/-/apollo-server-module-graphiql-1.3.4.tgz#50399b7c51b7267d0c841529f5173e5fc7304de4"

apollo-tracing@^0.1.0:
  version "0.1.4"
  resolved "https://registry.yarnpkg.com/apollo-tracing/-/apollo-tracing-0.1.4.tgz#5b8ae1b01526b160ee6e552a7f131923a9aedcc7"
  dependencies:
    graphql-extensions "~0.0.9"

apollo@^0.2.2:
  version "0.2.2"
  resolved "https://registry.yarnpkg.com/apollo/-/apollo-0.2.2.tgz#e409f53765bbf98efa3d127a2789c63bccd025d6"
  dependencies:
    breeze-async "0.1.0"
    breeze-nexttick "0.1.0"
    breeze-queue "0.2.0"
    drip "1.1.0"
    facet "0.3.0"
    gaia-hash "0.1.1"
    sherlock "1.0.0"
    tea-extend "0.2.0"
    tea-inherits "0.1.0"
    tea-type "0.1.0"

breeze-async@0.1.0:
  version "0.1.0"
  resolved "https://registry.yarnpkg.com/breeze-async/-/breeze-async-0.1.0.tgz#ba4265949980a3d9d8bb9137a61a42e1f87da73a"

breeze-nexttick@*:
  version "0.2.1"
  resolved "https://registry.yarnpkg.com/breeze-nexttick/-/breeze-nexttick-0.2.1.tgz#1e0b82f45eab600d84f0e91f16aef8d65b2dfbab"

breeze-nexttick@0.1.0:
  version "0.1.0"
  resolved "https://registry.yarnpkg.com/breeze-nexttick/-/breeze-nexttick-0.1.0.tgz#d68a56655045d205cb6e36bfaf3c6b2b2c438b2a"

breeze-queue@0.2.0:
  version "0.2.0"
  resolved "https://registry.yarnpkg.com/breeze-queue/-/breeze-queue-0.2.0.tgz#c05155cf0244964ba89943c8dcb65729198e8239"
  dependencies:
    breeze-nexttick "*"

bytes@3.0.0:
  version "3.0.0"
  resolved "https://registry.yarnpkg.com/bytes/-/bytes-3.0.0.tgz#d32815404d689699f85a4ea4fa8755dd13a96048"

content-type@1.0.4:
  version "1.0.4"
  resolved "https://registry.yarnpkg.com/content-type/-/content-type-1.0.4.tgz#e138cc75e040c727b1966fe5e5f8c9aee256fe3b"

core-js@^2.5.3:
  version "2.5.4"
  resolved "https://registry.yarnpkg.com/core-js/-/core-js-2.5.4.tgz#f2c8bf181f2a80b92f360121429ce63a2f0aeae0"

depd@1.1.1:
  version "1.1.1"
  resolved "https://registry.yarnpkg.com/depd/-/depd-1.1.1.tgz#5783b4e1c459f06fa5ca27f991f3d06e7a310359"

drip@1.1.0:
  version "1.1.0"
  resolved "https://registry.yarnpkg.com/drip/-/drip-1.1.0.tgz#ccefb1e686d86fc115b70c9ec126f8f871bdfd7e"
  dependencies:
    tea-concat "0.1.0"

facet@0.3.0:
  version "0.3.0"
  resolved "https://registry.yarnpkg.com/facet/-/facet-0.3.0.tgz#1bf949d8a112e2045dda84259407def3deb62c1b"

gaia-filter@0.1.0:
  version "0.1.0"
  resolved "https://registry.yarnpkg.com/gaia-filter/-/gaia-filter-0.1.0.tgz#e029ab04aafaa0137885b8e161e78a48f4eeaf6c"
  dependencies:
    tea-properties "0.1.0"

gaia-hash@0.1.1:
  version "0.1.1"
  resolved "https://registry.yarnpkg.com/gaia-hash/-/gaia-hash-0.1.1.tgz#d969acbe16a2e5e4dc3d74ac28b24c87d36cf12d"
  dependencies:
    gaia-filter "0.1.0"
    tea-extend "0.2.0"
    tea-properties "0.1.0"

graphql-extensions@^0.0.x, graphql-extensions@~0.0.9:
  version "0.0.10"
  resolved "https://registry.yarnpkg.com/graphql-extensions/-/graphql-extensions-0.0.10.tgz#34bdb2546d43f6a5bc89ab23c295ec0466c6843d"
  dependencies:
    core-js "^2.5.3"
    source-map-support "^0.5.1"

http-errors@1.6.2:
  version "1.6.2"
  resolved "https://registry.yarnpkg.com/http-errors/-/http-errors-1.6.2.tgz#0a002cc85707192a7e7946ceedc11155f60ec736"
  dependencies:
    depd "1.1.1"
    inherits "2.0.3"
    setprototypeof "1.0.3"
    statuses ">= 1.3.1 < 2"

iconv-lite@0.4.19:
  version "0.4.19"
  resolved "https://registry.yarnpkg.com/iconv-lite/-/iconv-lite-0.4.19.tgz#f7468f60135f5e5dad3399c0a81be9a1603a082b"

inherits@2.0.3:
  version "2.0.3"
  resolved "https://registry.yarnpkg.com/inherits/-/inherits-2.0.3.tgz#633c2c83e3da42a502f52466022480f4208261de"

is-stream@1.1.0:
  version "1.1.0"
  resolved "https://registry.yarnpkg.com/is-stream/-/is-stream-1.1.0.tgz#12d4a3dd4e68e0b79ceb8dbc84173ae80d91ca44"

micro@^9.1.4:
  version "9.1.4"
  resolved "https://registry.yarnpkg.com/micro/-/micro-9.1.4.tgz#dbe655f34bb3390509898ddf3fda12348f5cbaa9"
  dependencies:
    content-type "1.0.4"
    is-stream "1.1.0"
    mri "1.1.0"
    raw-body "2.3.2"

microrouter@^3.1.1:
  version "3.1.1"
  resolved "https://registry.yarnpkg.com/microrouter/-/microrouter-3.1.1.tgz#d0a007c4f986d7e805bf6685eda4937d69002165"
  dependencies:
    url-pattern "^1.0.3"

mri@1.1.0:
  version "1.1.0"
  resolved "https://registry.yarnpkg.com/mri/-/mri-1.1.0.tgz#5c0a3f29c8ccffbbb1ec941dcec09d71fa32f36a"

prettier@^1.11.1:
  version "1.11.1"
  resolved "https://registry.yarnpkg.com/prettier/-/prettier-1.11.1.tgz#61e43fc4cd44e68f2b0dfc2c38cd4bb0fccdcc75"

raw-body@2.3.2:
  version "2.3.2"
  resolved "https://registry.yarnpkg.com/raw-body/-/raw-body-2.3.2.tgz#bcd60c77d3eb93cde0050295c3f379389bc88f89"
  dependencies:
    bytes "3.0.0"
    http-errors "1.6.2"
    iconv-lite "0.4.19"
    unpipe "1.0.0"

setprototypeof@1.0.3:
  version "1.0.3"
  resolved "https://registry.yarnpkg.com/setprototypeof/-/setprototypeof-1.0.3.tgz#66567e37043eeb4f04d91bd658c0cbefb55b8e04"

sherlock@1.0.0:
  version "1.0.0"
  resolved "https://registry.yarnpkg.com/sherlock/-/sherlock-1.0.0.tgz#e246eacfd72c0e3b3e8243a6c9e55340d80c854e"

source-map-support@^0.5.1:
  version "0.5.4"
  resolved "https://registry.yarnpkg.com/source-map-support/-/source-map-support-0.5.4.tgz#54456efa89caa9270af7cd624cc2f123e51fbae8"
  dependencies:
    source-map "^0.6.0"

source-map@^0.6.0:
  version "0.6.1"
  resolved "https://registry.yarnpkg.com/source-map/-/source-map-0.6.1.tgz#74722af32e9614e9c287a8d0bbde48b5e2f1a263"

"statuses@>= 1.3.1 < 2":
  version "1.5.0"
  resolved "https://registry.yarnpkg.com/statuses/-/statuses-1.5.0.tgz#161c7dac177659fd9811f43771fa99381478628c"

tea-concat@0.1.0:
  version "0.1.0"
  resolved "https://registry.yarnpkg.com/tea-concat/-/tea-concat-0.1.0.tgz#ea2e907400fdd78a6334ce020fa3c69502d99e84"

tea-extend@0.2.0:
  version "0.2.0"
  resolved "https://registry.yarnpkg.com/tea-extend/-/tea-extend-0.2.0.tgz#a820ecc6bc662538c61fe7510f35db475314d5a6"

tea-inherits@0.1.0:
  version "0.1.0"
  resolved "https://registry.yarnpkg.com/tea-inherits/-/tea-inherits-0.1.0.tgz#ba83fb9839e0fc59370f65ad999c8fc828d36122"

tea-properties@0.1.0:
  version "0.1.0"
  resolved "https://registry.yarnpkg.com/tea-properties/-/tea-properties-0.1.0.tgz#c5c81533da19f3c39afadd15c173a3b6cbc8d1eb"

tea-type@0.1.0:
  version "0.1.0"
  resolved "https://registry.yarnpkg.com/tea-type/-/tea-type-0.1.0.tgz#a138a6beb00ff4984874a4f75f3589ef1821af82"

typescript@^2.8.1:
  version "2.8.1"
  resolved "https://registry.yarnpkg.com/typescript/-/typescript-2.8.1.tgz#6160e4f8f195d5ba81d4876f9c0cc1fbc0820624"

unpipe@1.0.0:
  version "1.0.0"
  resolved "https://registry.yarnpkg.com/unpipe/-/unpipe-1.0.0.tgz#b2bf4ee8514aae6165b4817829d21b2ef49904ec"

url-pattern@^1.0.3:
  version "1.0.3"
  resolved "https://registry.yarnpkg.com/url-pattern/-/url-pattern-1.0.3.tgz#0409292471b24f23c50d65a47931793d2b5acfc1"
